{
    "_readme": [
        "This file locks the dependencies of your project to a known state",
        "Read more about it at https://getcomposer.org/doc/01-basic-usage.md#installing-dependencies",
        "This file is @generated automatically"
    ],
    "content-hash": "0646f5d1023ab84edd0fee6d8c60746a",
    "packages": [
        {
            "name": "taq/pdooci",
            "version": "1.0.7",
            "source": {
                "type": "git",
                "url": "https://github.com/taq/pdooci.git",
                "reference": "898a8fcef39b7cf748454c06e98c45baecffca94"
            },
            "dist": {
                "type": "zip",
                "url": "https://api.github.com/repos/taq/pdooci/zipball/898a8fcef39b7cf748454c06e98c45baecffca94",
                "reference": "898a8fcef39b7cf748454c06e98c45baecffca94",
                "shasum": ""
            },
            "require": {
                "php": ">=5.3.0"
            },
            "type": "library",
            "autoload": {
                "psr-4": {
                    "PDOOCI\\": "src"
                }
            },
            "notification-url": "https://packagist.org/downloads/",
            "license": [
                "GPL"
            ],
            "authors": [
                {
                    "name": "Eustaquio Rangel",
                    "email": "eustaquiorangel@gmail.com",
                    "homepage": "http://eustaquiorangel.com",
                    "role": "Developer"
                }
            ],
            "description": "Replacement for the PHP PDO OCI class",
            "homepage": "http://github.com/taq/pdooci",
            "keywords": [
                "oci",
                "oracle",
                "pdo",
                "pdo_oci"
            ],
            "time": "2016-09-24T21:51:27+00:00"
        }
    ],
    "packages-dev": [],
    "aliases": [],
    "minimum-stability": "stable",
    "stability-flags": [],
    "prefer-stable": false,
    "prefer-lowest": false,
    "platform": [],
    "platform-dev": []
}
